<?xml version="1.0" encoding="utf-8"?>
<Project ToolsVersion="4.0" xmlns="http://schemas.microsoft.com/developer/msbuild/2003">
  <ItemGroup>
    <Filter Include="Meshing">
      <UniqueIdentifier>{7526254c-3278-468f-8674-dc6a5e91f568}</UniqueIdentifier>
    </Filter>
    <Filter Include="LinearAlgebra">
      <UniqueIdentifier>{e4600fe6-94ab-41bf-8e81-ab066048c53f}</UniqueIdentifier>
    </Filter>
    <Filter Include="Functions">
      <UniqueIdentifier>{5fe71d7a-bacc-4162-b841-1f7448671c01}</UniqueIdentifier>
    </Filter>
    <Filter Include="Libraries">
      <UniqueIdentifier>{67DA6AB6-F800-4c08-8B7A-83BB121AAD01}</UniqueIdentifier>
      <Extensions>rc;ico;cur;bmp;dlg;rc2;rct;bin;rgs;gif;jpg;jpeg;jpe;resx;tiff;tif;png;wav;mfcribbon-ms</Extensions>
    </Filter>
    <Filter Include="Debugging">
      <UniqueIdentifier>{faecc420-1535-4744-b8df-2cb279c9d215}</UniqueIdentifier>
    </Filter>
    <Filter Include="Utilities">
      <UniqueIdentifier>{b9e22603-35ac-4809-a853-aa9ab6ab3e29}</UniqueIdentifier>
    </Filter>
    <Filter Include="ErrorAnalysis">
      <UniqueIdentifier>{26c816fd-8f74-4838-89c2-37846221eb60}</UniqueIdentifier>
    </Filter>
    <Filter Include="L2Projection">
      <UniqueIdentifier>{26f1a666-ab65-4c65-b510-35d8b40606b5}</UniqueIdentifier>
    </Filter>
    <Filter Include="Apps">
      <UniqueIdentifier>{55b11933-d343-4a2b-881c-ad16d1c1ed6e}</UniqueIdentifier>
    </Filter>
    <Filter Include="Apps\Homework 4">
      <UniqueIdentifier>{d4da6a1d-bd8e-457b-88f2-9d2028789603}</UniqueIdentifier>
    </Filter>
    <Filter Include="EquationSystems">
      <UniqueIdentifier>{ced30809-6ee5-49c6-b982-d0d397e76bf2}</UniqueIdentifier>
    </Filter>
    <Filter Include="Apps\Homework 6">
      <UniqueIdentifier>{6e771f58-b7cd-444b-9706-c1a924d474fa}</UniqueIdentifier>
    </Filter>
    <Filter Include="Meshing\1D">
      <UniqueIdentifier>{42090869-4a54-4510-a3cd-cde8c67cd184}</UniqueIdentifier>
    </Filter>
    <Filter Include="Meshing\2D">
      <UniqueIdentifier>{1e791526-2d71-4380-a509-2ed4128f72a7}</UniqueIdentifier>
    </Filter>
    <Filter Include="EquationSystems\1D">
      <UniqueIdentifier>{331f6e02-5c30-432b-9ce3-865718ff2be8}</UniqueIdentifier>
    </Filter>
    <Filter Include="Apps\Homework 8">
      <UniqueIdentifier>{0f49bed1-a0bf-45e2-a4cb-41a21fac2573}</UniqueIdentifier>
    </Filter>
    <Filter Include="EquationSystems\2D">
      <UniqueIdentifier>{cd15d308-9050-47f9-b13f-3a5822855ff9}</UniqueIdentifier>
    </Filter>
    <Filter Include="Apps\Homework 9">
      <UniqueIdentifier>{e5458ba5-40a2-438d-84a9-21ea03e6cd9c}</UniqueIdentifier>
    </Filter>
    <Filter Include="Apps\Homework 10">
      <UniqueIdentifier>{1e647f41-833d-439d-8206-f078f9b697e7}</UniqueIdentifier>
    </Filter>
  </ItemGroup>
  <ItemGroup>
    <ClCompile Include="Integration.cpp">
      <Filter>Functions</Filter>
    </ClCompile>
    <ClCompile Include="LagrangeShapeFunctions1D.cpp">
      <Filter>Functions</Filter>
    </ClCompile>
    <ClCompile Include="Main.cpp" />
    <ClCompile Include="Log.cpp">
      <Filter>Debugging</Filter>
    </ClCompile>
    <ClCompile Include="Vector.cpp">
      <Filter>LinearAlgebra</Filter>
    </ClCompile>
    <ClCompile Include="Matrix.cpp">
      <Filter>LinearAlgebra</Filter>
    </ClCompile>
    <ClCompile Include="L2Projection.cpp">
      <Filter>L2Projection</Filter>
    </ClCompile>
    <ClCompile Include="ErrorAnalysis.cpp">
      <Filter>ErrorAnalysis</Filter>
    </ClCompile>
    <ClCompile Include="Hwk4_C3.cpp">
      <Filter>Apps\Homework 4</Filter>
    </ClCompile>
    <ClCompile Include="Print.cpp">
      <Filter>Utilities</Filter>
    </ClCompile>
    <ClCompile Include="Hwk4_C1.cpp">
      <Filter>Apps\Homework 4</Filter>
    </ClCompile>
    <ClCompile Include="Hwk4_C2.cpp">
      <Filter>Apps\Homework 4</Filter>
    </ClCompile>
    <ClCompile Include="Precompilied.cpp" />
    <ClCompile Include="Timer.cpp">
      <Filter>Utilities</Filter>
    </ClCompile>
    <ClCompile Include="Hwk6_B2.cpp">
      <Filter>Apps\Homework 6</Filter>
    </ClCompile>
    <ClCompile Include="FEM1D.cpp">
      <Filter>Meshing\1D</Filter>
    </ClCompile>
    <ClCompile Include="Mesh1D.cpp">
      <Filter>Meshing\1D</Filter>
    </ClCompile>
    <ClCompile Include="UniformMesh1D.cpp">
      <Filter>Meshing\1D</Filter>
    </ClCompile>
    <ClCompile Include="Mesh2D.cpp">
      <Filter>Meshing\2D</Filter>
    </ClCompile>
    <ClCompile Include="UniformRectangularMesh2D.cpp">
      <Filter>Meshing\2D</Filter>
    </ClCompile>
    <ClCompile Include="Elliptic1DABCF.cpp">
      <Filter>EquationSystems\1D</Filter>
    </ClCompile>
    <ClCompile Include="EquationSystem1D.cpp">
      <Filter>EquationSystems\1D</Filter>
    </ClCompile>
    <ClCompile Include="Gauss-LegendreNodes.cpp">
      <Filter>Functions</Filter>
    </ClCompile>
    <ClCompile Include="LagrangeShapeFunctions2D.cpp">
      <Filter>Functions</Filter>
    </ClCompile>
    <ClCompile Include="UnstructuredMesh2D.cpp">
      <Filter>Meshing\2D</Filter>
    </ClCompile>
    <ClCompile Include="Hwk8_C1.cpp">
      <Filter>Apps\Homework 8</Filter>
    </ClCompile>
    <ClCompile Include="EquationSystem2D.cpp">
      <Filter>EquationSystems\2D</Filter>
    </ClCompile>
    <ClCompile Include="Elliptic2DABCF.cpp">
      <Filter>EquationSystems\2D</Filter>
    </ClCompile>
    <ClCompile Include="Hwk9_C1.cpp">
      <Filter>Apps\Homework 9</Filter>
    </ClCompile>
    <ClCompile Include="Hwk9_C2.cpp">
      <Filter>Apps\Homework 9</Filter>
    </ClCompile>
    <ClCompile Include="Hwk9_C3.cpp">
      <Filter>Apps\Homework 9</Filter>
    </ClCompile>
    <ClCompile Include="StokesFluid.cpp">
      <Filter>EquationSystems\2D</Filter>
    </ClCompile>
    <ClCompile Include="Hwk10_C1.cpp">
      <Filter>Apps\Homework 10</Filter>
    </ClCompile>
  </ItemGroup>
  <ItemGroup>
    <ClInclude Include="Integration.h">
      <Filter>Functions</Filter>
    </ClInclude>
    <ClInclude Include="LagrangeShapeFunctions1D.h">
      <Filter>Functions</Filter>
    </ClInclude>
    <ClInclude Include="StdLib.h">
      <Filter>Libraries</Filter>
    </ClInclude>
    <ClInclude Include="Log.h">
      <Filter>Debugging</Filter>
    </ClInclude>
    <ClInclude Include="Array2D.h">
      <Filter>Utilities</Filter>
    </ClInclude>
    <ClInclude Include="Print.h">
      <Filter>Utilities</Filter>
    </ClInclude>
    <ClInclude Include="Vector.h">
      <Filter>LinearAlgebra</Filter>
    </ClInclude>
    <ClInclude Include="Matrix.h">
      <Filter>LinearAlgebra</Filter>
    </ClInclude>
    <ClInclude Include="Container.h">
      <Filter>Utilities</Filter>
    </ClInclude>
    <ClInclude Include="L2Projection.h">
      <Filter>L2Projection</Filter>
    </ClInclude>
    <ClInclude Include="ErrorAnalysis.h">
      <Filter>ErrorAnalysis</Filter>
    </ClInclude>
    <ClInclude Include="BoundayEnums.h">
      <Filter>Meshing</Filter>
    </ClInclude>
    <ClInclude Include="Precompilied.h" />
    <ClInclude Include="Timer.h">
      <Filter>Utilities</Filter>
    </ClInclude>
    <ClInclude Include="FEM1D.h">
      <Filter>Meshing\1D</Filter>
    </ClInclude>
    <ClInclude Include="Mesh1D.h">
      <Filter>Meshing\1D</Filter>
    </ClInclude>
    <ClInclude Include="UniformMesh1D.h">
      <Filter>Meshing\1D</Filter>
    </ClInclude>
    <ClInclude Include="Mesh2D.h">
      <Filter>Meshing\2D</Filter>
    </ClInclude>
    <ClInclude Include="Nodes.h">
      <Filter>Meshing</Filter>
    </ClInclude>
    <ClInclude Include="UniformRectangularMesh2D.h">
      <Filter>Meshing\2D</Filter>
    </ClInclude>
    <ClInclude Include="EquationSystem1D.h">
      <Filter>EquationSystems\1D</Filter>
    </ClInclude>
    <ClInclude Include="Elliptic1DABCF.h">
      <Filter>EquationSystems\1D</Filter>
    </ClInclude>
    <ClInclude Include="Gauss-LegendreNodes.h">
      <Filter>Functions</Filter>
    </ClInclude>
    <ClInclude Include="LagrangeShapeFunctions2D.h">
      <Filter>Functions</Filter>
    </ClInclude>
    <ClInclude Include="FEM2D.h">
      <Filter>Meshing\2D</Filter>
    </ClInclude>
    <ClInclude Include="UnstructuredMesh2D.h">
      <Filter>Meshing\2D</Filter>
    </ClInclude>
    <ClInclude Include="EquationSystem2D.h">
      <Filter>EquationSystems\2D</Filter>
    </ClInclude>
    <ClInclude Include="Elliptic2DABCF.h">
      <Filter>EquationSystems\2D</Filter>
    </ClInclude>
    <ClInclude Include="HomeworkDrivers.h">
      <Filter>Apps</Filter>
    </ClInclude>
    <ClInclude Include="StokesFluid.h">
      <Filter>EquationSystems\2D</Filter>
    </ClInclude>
  </ItemGroup>
</Project>